
Microsoft Visual Studio Solution File, Format Version 12.00
# Visual Studio 15
VisualStudioVersion = 15.0.27130.2027
MinimumVisualStudioVersion = 10.0.40219.1
Project("{9A19103F-16F7-4668-BE54-9A1E7A4F7556}") = "SS.WeChat.WebApi", "SS.WeChat.WebApi.csproj", "{C62FF16C-14B1-43BF-B771-52AC18C68A77}"
EndProject
Global
	GlobalSection(SolutionConfigurationPlatforms) = preSolution
		Debug|Any CPU = Debug|Any CPU
		Release|Any CPU = Release|Any CPU
	EndGlobalSection
	GlobalSection(ProjectConfigurationPlatforms) = postSolution
		{C62FF16C-14B1-43BF-B771-52AC18C68A77}.Debug|Any CPU.ActiveCfg = Debug|Any CPU
		{C62FF16C-14B1-43BF-B771-52AC18C68A77}.Debug|Any CPU.Build.0 = Debug|Any CPU
		{C62FF16C-14B1-43BF-B771-52AC18C68A77}.Release|Any CPU.ActiveCfg = Release|Any CPU
		{C62FF16C-14B1-43BF-B771-52AC18C68A77}.Release|Any CPU.Build.0 = Release|Any CPU
	EndGlobalSection
	GlobalSection(SolutionProperties) = preSolution
		HideSolutionNode = FALSE
	EndGlobalSection
	GlobalSection(ExtensibilityGlobals) = postSolution
		SolutionGuid = {86AEA0E3-E743-4527-8701-3FA0C60FA73A}
	EndGlobalSection
EndGlobal
